
Microsoft Visual Studio Solution File, Format Version 12.00
# Visual Studio Version 16
VisualStudioVersion = 16.0.31410.357
MinimumVisualStudioVersion = 10.0.40219.1
Project("{9092AA53-FB77-4645-B42D-1CCCA6BD08BD}") = "BeeBotRevived", "BeeBotRevived.njsproj", "{F623D83F-7B49-4879-AA49-F35D918ECCC7}"
EndProject
Global
	GlobalSection(SolutionConfigurationPlatforms) = preSolution
		Debug|Any CPU = Debug|Any CPU
		Release|Any CPU = Release|Any CPU
	EndGlobalSection
	GlobalSection(ProjectConfigurationPlatforms) = postSolution
		{F623D83F-7B49-4879-AA49-F35D918ECCC7}.Debug|Any CPU.ActiveCfg = Debug|Any CPU
		{F623D83F-7B49-4879-AA49-F35D918ECCC7}.Debug|Any CPU.Build.0 = Debug|Any CPU
		{F623D83F-7B49-4879-AA49-F35D918ECCC7}.Release|Any CPU.ActiveCfg = Release|Any CPU
		{F623D83F-7B49-4879-AA49-F35D918ECCC7}.Release|Any CPU.Build.0 = Release|Any CPU
	EndGlobalSection
	GlobalSection(SolutionProperties) = preSolution
		HideSolutionNode = FALSE
	EndGlobalSection
	GlobalSection(ExtensibilityGlobals) = postSolution
		SolutionGuid = {EE26ABCB-0C06-42AA-ADAF-FCD1155BD252}
	EndGlobalSection
EndGlobal
